
Microsoft Visual Studio Solution File, Format Version 12.00
# Visual Studio 15
VisualStudioVersion = 15.0.28010.2050
MinimumVisualStudioVersion = 10.0.40219.1
Project("{FAE04EC0-301F-11D3-BF4B-00C04F79EFBC}") = "C0DEC0RE", "..\C0DEC0RE\C0DEC0RE.csproj", "{6B4A1797-BB72-4316-A06E-F70E709A2DD0}"
EndProject
Project("{9A19103F-16F7-4668-BE54-9A1E7A4F7556}") = "ExchangeSharp", "..\ExchangeSharp\ExchangeSharp\ExchangeSharp.csproj", "{A77BB96B-06EF-4264-81C8-CD337D098734}"
EndProject
Project("{FAE04EC0-301F-11D3-BF4B-00C04F79EFBC}") = "BittrexTrader", "BittrexTrader.csproj", "{ED49D9F9-EB9B-4E0C-AE4F-58EA10E20A9E}"
EndProject
Global
	GlobalSection(SolutionConfigurationPlatforms) = preSolution
		Debug|Any CPU = Debug|Any CPU
		Release|Any CPU = Release|Any CPU
	EndGlobalSection
	GlobalSection(ProjectConfigurationPlatforms) = postSolution
		{6B4A1797-BB72-4316-A06E-F70E709A2DD0}.Debug|Any CPU.ActiveCfg = Debug|Any CPU
		{6B4A1797-BB72-4316-A06E-F70E709A2DD0}.Debug|Any CPU.Build.0 = Debug|Any CPU
		{6B4A1797-BB72-4316-A06E-F70E709A2DD0}.Release|Any CPU.ActiveCfg = Release|Any CPU
		{6B4A1797-BB72-4316-A06E-F70E709A2DD0}.Release|Any CPU.Build.0 = Release|Any CPU
		{A77BB96B-06EF-4264-81C8-CD337D098734}.Debug|Any CPU.ActiveCfg = Debug|Any CPU
		{A77BB96B-06EF-4264-81C8-CD337D098734}.Debug|Any CPU.Build.0 = Debug|Any CPU
		{A77BB96B-06EF-4264-81C8-CD337D098734}.Release|Any CPU.ActiveCfg = Release|Any CPU
		{A77BB96B-06EF-4264-81C8-CD337D098734}.Release|Any CPU.Build.0 = Release|Any CPU
		{ED49D9F9-EB9B-4E0C-AE4F-58EA10E20A9E}.Debug|Any CPU.ActiveCfg = Debug|Any CPU
		{ED49D9F9-EB9B-4E0C-AE4F-58EA10E20A9E}.Debug|Any CPU.Build.0 = Debug|Any CPU
		{ED49D9F9-EB9B-4E0C-AE4F-58EA10E20A9E}.Release|Any CPU.ActiveCfg = Release|Any CPU
		{ED49D9F9-EB9B-4E0C-AE4F-58EA10E20A9E}.Release|Any CPU.Build.0 = Release|Any CPU
	EndGlobalSection
	GlobalSection(SolutionProperties) = preSolution
		HideSolutionNode = FALSE
	EndGlobalSection
	GlobalSection(ExtensibilityGlobals) = postSolution
		SolutionGuid = {59D27974-B584-4F43-9D9B-E7BDD480A478}
	EndGlobalSection
EndGlobal
